// !$*UTF8*$!
{
	archiveVersion = 1;
	classes = {
	};
	objectVersion = 77;
	objects = {

/* Begin PBXContainerItemProxy section */
		6D7A202A2D2694B700570F8C /* PBXContainerItemProxy */ = {
			isa = PBXContainerItemProxy;
			containerPortal = 6D7A20082D2694B300570F8C /* Project object */;
			proxyType = 1;
			remoteGlobalIDString = 6D7A200F2D2694B300570F8C;
			remoteInfo = ImpleamentaionTest;
		};
		6D7A20342D2694B700570F8C /* PBXContainerItemProxy */ = {
			isa = PBXContainerItemProxy;
			containerPortal = 6D7A20082D2694B300570F8C /* Project object */;
			proxyType = 1;
			remoteGlobalIDString = 6D7A200F2D2694B300570F8C;
			remoteInfo = ImpleamentaionTest;
		};
/* End PBXContainerItemProxy section */

/* Begin PBXFileReference section */
		6D7A20102D2694B300570F8C /* ImpleamentaionTest.app */ = {isa = PBXFileReference; explicitFileType = wrapper.application; includeInIndex = 0; path = ImpleamentaionTest.app; sourceTree = BUILT_PRODUCTS_DIR; };
		6D7A20292D2694B700570F8C /* ImpleamentaionTestTests.xctest */ = {isa = PBXFileReference; explicitFileType = wrapper.cfbundle; includeInIndex = 0; path = ImpleamentaionTestTests.xctest; sourceTree = BUILT_PRODUCTS_DIR; };
		6D7A20332D2694B700570F8C /* ImpleamentaionTestUITests.xctest */ = {isa = PBXFileReference; explicitFileType = wrapper.cfbundle; includeInIndex = 0; path = ImpleamentaionTestUITests.xctest; sourceTree = BUILT_PRODUCTS_DIR; };
/* End PBXFileReference section */

/* Begin PBXFileSystemSynchronizedBuildFileExceptionSet section */
		6D7A203B2D2694B700570F8C /* Exceptions for "ImpleamentaionTest" folder in "ImpleamentaionTest" target */ = {
			isa = PBXFileSystemSynchronizedBuildFileExceptionSet;
			membershipExceptions = (
				Info.plist,
			);
			target = 6D7A200F2D2694B300570F8C /* ImpleamentaionTest */;
		};
/* End PBXFileSystemSynchronizedBuildFileExceptionSet section */

/* Begin PBXFileSystemSynchronizedRootGroup section */
		6D7A20122D2694B300570F8C /* ImpleamentaionTest */ = {
			isa = PBXFileSystemSynchronizedRootGroup;
			exceptions = (
				6D7A203B2D2694B700570F8C /* Exceptions for "ImpleamentaionTest" folder in "ImpleamentaionTest" target */,
			);
			path = ImpleamentaionTest;
			sourceTree = "<group>";
		};
		6D7A202C2D2694B700570F8C /* ImpleamentaionTestTests */ = {
			isa = PBXFileSystemSynchronizedRootGroup;
			path = ImpleamentaionTestTests;
			sourceTree = "<group>";
		};
		6D7A20362D2694B700570F8C /* ImpleamentaionTestUITests */ = {
			isa = PBXFileSystemSynchronizedRootGroup;
			path = ImpleamentaionTestUITests;
			sourceTree = "<group>";
		};
/* End PBXFileSystemSynchronizedRootGroup section */

/* Begin PBXFrameworksBuildPhase section */
		6D7A200D2D2694B300570F8C /* Frameworks */ = {
			isa = PBXFrameworksBuildPhase;
			buildActionMask = 2147483647;
			files = (
			);
			runOnlyForDeploymentPostprocessing = 0;
		};
		6D7A20262D2694B700570F8C /* Frameworks */ = {
			isa = PBXFrameworksBuildPhase;
			buildActionMask = 2147483647;
			files = (
			);
			runOnlyForDeploymentPostprocessing = 0;
		};
		6D7A20302D2694B700570F8C /* Frameworks */ = {
			isa = PBXFrameworksBuildPhase;
			buildActionMask = 2147483647;
			files = (
			);
			runOnlyForDeploymentPostprocessing = 0;
		};
/* End PBXFrameworksBuildPhase section */

/* Begin PBXGroup section */
		6D7A20072D2694B300570F8C = {
			isa = PBXGroup;
			children = (
				6D7A20122D2694B300570F8C /* ImpleamentaionTest */,
				6D7A202C2D2694B700570F8C /* ImpleamentaionTestTests */,
				6D7A20362D2694B700570F8C /* ImpleamentaionTestUITests */,
				6D7A20112D2694B300570F8C /* Products */,
			);
			sourceTree = "<group>";
		};
		6D7A20112D2694B300570F8C /* Products */ = {
			isa = PBXGroup;
			children = (
				6D7A20102D2694B300570F8C /* ImpleamentaionTest.app */,
				6D7A20292D2694B700570F8C /* ImpleamentaionTestTests.xctest */,
				6D7A20332D2694B700570F8C /* ImpleamentaionTestUITests.xctest */,
			);
			name = Products;
			sourceTree = "<group>";
		};
/* End PBXGroup section */

/* Begin PBXNativeTarget section */
		6D7A200F2D2694B300570F8C /* ImpleamentaionTest */ = {
			isa = PBXNativeTarget;
			buildConfigurationList = 6D7A203C2D2694B700570F8C /* Build configuration list for PBXNativeTarget "ImpleamentaionTest" */;
			buildPhases = (
				6D7A200C2D2694B300570F8C /* Sources */,
				6D7A200D2D2694B300570F8C /* Frameworks */,
				6D7A200E2D2694B300570F8C /* Resources */,
			);
			buildRules = (
			);
			dependencies = (
			);
			fileSystemSynchronizedGroups = (
				6D7A20122D2694B300570F8C /* ImpleamentaionTest */,
			);
			name = ImpleamentaionTest;
			packageProductDependencies = (
			);
			productName = ImpleamentaionTest;
			productReference = 6D7A20102D2694B300570F8C /* ImpleamentaionTest.app */;
			productType = "com.apple.product-type.application";
		};
		6D7A20282D2694B700570F8C /* ImpleamentaionTestTests */ = {
			isa = PBXNativeTarget;
			buildConfigurationList = 6D7A20412D2694B700570F8C /* Build configuration list for PBXNativeTarget "ImpleamentaionTestTests" */;
			buildPhases = (
				6D7A20252D2694B700570F8C /* Sources */,
				6D7A20262D2694B700570F8C /* Frameworks */,
				6D7A20272D2694B700570F8C /* Resources */,
			);
			buildRules = (
			);
			dependencies = (
				6D7A202B2D2694B700570F8C /* PBXTargetDependency */,
			);
			fileSystemSynchronizedGroups = (
				6D7A202C2D2694B700570F8C /* ImpleamentaionTestTests */,
			);
			name = ImpleamentaionTestTests;
			packageProductDependencies = (
			);
			productName = ImpleamentaionTestTests;
			productReference = 6D7A20292D2694B700570F8C /* ImpleamentaionTestTests.xctest */;
			productType = "com.apple.product-type.bundle.unit-test";
		};
		6D7A20322D2694B700570F8C /* ImpleamentaionTestUITests */ = {
			isa = PBXNativeTarget;
			buildConfigurationList = 6D7A20442D2694B700570F8C /* Build configuration list for PBXNativeTarget "ImpleamentaionTestUITests" */;
			buildPhases = (
				6D7A202F2D2694B700570F8C /* Sources */,
				6D7A20302D2694B700570F8C /* Frameworks */,
				6D7A20312D2694B700570F8C /* Resources */,
			);
			buildRules = (
			);
			dependencies = (
				6D7A20352D2694B700570F8C /* PBXTargetDependency */,
			);
			fileSystemSynchronizedGroups = (
				6D7A20362D2694B700570F8C /* ImpleamentaionTestUITests */,
			);
			name = ImpleamentaionTestUITests;
			packageProductDependencies = (
			);
			productName = ImpleamentaionTestUITests;
			productReference = 6D7A20332D2694B700570F8C /* ImpleamentaionTestUITests.xctest */;
			productType = "com.apple.product-type.bundle.ui-testing";
		};
/* End PBXNativeTarget section */

/* Begin PBXProject section */
		6D7A20082D2694B300570F8C /* Project object */ = {
			isa = PBXProject;
			attributes = {
				BuildIndependentTargetsInParallel = 1;
				LastSwiftUpdateCheck = 1620;
				LastUpgradeCheck = 1620;
				TargetAttributes = {
					6D7A200F2D2694B300570F8C = {
						CreatedOnToolsVersion = 16.2;
					};
					6D7A20282D2694B700570F8C = {
						CreatedOnToolsVersion = 16.2;
						TestTargetID = 6D7A200F2D2694B300570F8C;
					};
					6D7A20322D2694B700570F8C = {
						CreatedOnToolsVersion = 16.2;
						TestTargetID = 6D7A200F2D2694B300570F8C;
					};
				};
			};
			buildConfigurationList = 6D7A200B2D2694B300570F8C /* Build configuration list for PBXProject "ImpleamentaionTest" */;
			developmentRegion = en;
			hasScannedForEncodings = 0;
			knownRegions = (
				en,
				Base,
			);
			mainGroup = 6D7A20072D2694B300570F8C;
			minimizedProjectReferenceProxies = 1;
			preferredProjectObjectVersion = 77;
			productRefGroup = 6D7A20112D2694B300570F8C /* Products */;
			projectDirPath = "";
			projectRoot = "";
			targets = (
				6D7A200F2D2694B300570F8C /* ImpleamentaionTest */,
				6D7A20282D2694B700570F8C /* ImpleamentaionTestTests */,
				6D7A20322D2694B700570F8C /* ImpleamentaionTestUITests */,
			);
		};
/* End PBXProject section */

/* Begin PBXResourcesBuildPhase section */
		6D7A200E2D2694B300570F8C /* Resources */ = {
			isa = PBXResourcesBuildPhase;
			buildActionMask = 2147483647;
			files = (
			);
			runOnlyForDeploymentPostprocessing = 0;
		};
		6D7A20272D2694B700570F8C /* Resources */ = {
			isa = PBXResourcesBuildPhase;
			buildActionMask = 2147483647;
			files = (
			);
			runOnlyForDeploymentPostprocessing = 0;
		};
		6D7A20312D2694B700570F8C /* Resources */ = {
			isa = PBXResourcesBuildPhase;
			buildActionMask = 2147483647;
			files = (
			);
			runOnlyForDeploymentPostprocessing = 0;
		};
/* End PBXResourcesBuildPhase section */

/* Begin PBXSourcesBuildPhase section */
		6D7A200C2D2694B300570F8C /* Sources */ = {
			isa = PBXSourcesBuildPhase;
			buildActionMask = 2147483647;
			files = (
			);
			runOnlyForDeploymentPostprocessing = 0;
		};
		6D7A20252D2694B700570F8C /* Sources */ = {
			isa = PBXSourcesBuildPhase;
			buildActionMask = 2147483647;
			files = (
			);
			runOnlyForDeploymentPostprocessing = 0;
		};
		6D7A202F2D2694B700570F8C /* Sources */ = {
			isa = PBXSourcesBuildPhase;
			buildActionMask = 2147483647;
			files = (
			);
			runOnlyForDeploymentPostprocessing = 0;
		};
/* End PBXSourcesBuildPhase section */

/* Begin PBXTargetDependency section */
		6D7A202B2D2694B700570F8C /* PBXTargetDependency */ = {
			isa = PBXTargetDependency;
			target = 6D7A200F2D2694B300570F8C /* ImpleamentaionTest */;
			targetProxy = 6D7A202A2D2694B700570F8C /* PBXContainerItemProxy */;
		};
		6D7A20352D2694B700570F8C /* PBXTargetDependency */ = {
			isa = PBXTargetDependency;
			target = 6D7A200F2D2694B300570F8C /* ImpleamentaionTest */;
			targetProxy = 6D7A20342D2694B700570F8C /* PBXContainerItemProxy */;
		};
/* End PBXTargetDependency section */

/* Begin XCBuildConfiguration section */
		6D7A203D2D2694B700570F8C /* Debug */ = {
			isa = XCBuildConfiguration;
			buildSettings = {
				ASSETCATALOG_COMPILER_APPICON_NAME = AppIcon;
				ASSETCATALOG_COMPILER_GLOBAL_ACCENT_COLOR_NAME = AccentColor;
				CODE_SIGN_STYLE = Automatic;
				CURRENT_PROJECT_VERSION = 1;
				DEVELOPMENT_TEAM = UAWGD7BR57;
				GENERATE_INFOPLIST_FILE = YES;
				INFOPLIST_FILE = ImpleamentaionTest/Info.plist;
				INFOPLIST_KEY_UIApplicationSupportsIndirectInputEvents = YES;
				INFOPLIST_KEY_UILaunchStoryboardName = LaunchScreen;
				INFOPLIST_KEY_UIMainStoryboardFile = Main;
				INFOPLIST_KEY_UISupportedInterfaceOrientations_iPad = "UIInterfaceOrientationPortrait UIInterfaceOrientationPortraitUpsideDown UIInterfaceOrientationLandscapeLeft UIInterfaceOrientationLandscapeRight";
				INFOPLIST_KEY_UISupportedInterfaceOrientations_iPhone = "UIInterfaceOrientationPortrait UIInterfaceOrientationLandscapeLeft UIInterfaceOrientationLandscapeRight";
				LD_RUNPATH_SEARCH_PATHS = (
					"$(inherited)",
					"@executable_path/Frameworks",
				);
				MARKETING_VERSION = 1.0;
				PRODUCT_BUNDLE_IDENTIFIER = tech.dreamcoder..ImpleamentaionTest;
				PRODUCT_NAME = "$(TARGET_NAME)";
				SWIFT_EMIT_LOC_STRINGS = YES;
				SWIFT_VERSION = 5.0;
				TARGETED_DEVICE_FAMILY = "1,2";
			};
			name = Debug;
		};
		6D7A203E2D2694B700570F8C /* Release */ = {
			isa = XCBuildConfiguration;
			buildSettings = {
				ASSETCATALOG_COMPILER_APPICON_NAME = AppIcon;
				ASSETCATALOG_COMPILER_GLOBAL_ACCENT_COLOR_NAME = AccentColor;
				CODE_SIGN_STYLE = Automatic;
				CURRENT_PROJECT_VERSION = 1;
				DEVELOPMENT_TEAM = UAWGD7BR57;
				GENERATE_INFOPLIST_FILE = YES;
				INFOPLIST_FILE = ImpleamentaionTest/Info.plist;
				INFOPLIST_KEY_UIApplicationSupportsIndirectInputEvents = YES;
				INFOPLIST_KEY_UILaunchStoryboardName = LaunchScreen;
				INFOPLIST_KEY_UIMainStoryboardFile = Main;
				INFOPLIST_KEY_UISupportedInterfaceOrientations_iPad = "UIInterfaceOrientationPortrait UIInterfaceOrientationPortraitUpsideDown UIInterfaceOrientationLandscapeLeft UIInterfaceOrientationLandscapeRight";
				INFOPLIST_KEY_UISupportedInterfaceOrientations_iPhone = "UIInterfaceOrientationPortrait UIInterfaceOrientationLandscapeLeft UIInterfaceOrientationLandscapeRight";
				LD_RUNPATH_SEARCH_PATHS = (
					"$(inherited)",
					"@executable_path/Frameworks",
				);
				MARKETING_VERSION = 1.0;
				PRODUCT_BUNDLE_IDENTIFIER = tech.dreamcoder..ImpleamentaionTest;
				PRODUCT_NAME = "$(TARGET_NAME)";
				SWIFT_EMIT_LOC_STRINGS = YES;
				SWIFT_VERSION = 5.0;
				TARGETED_DEVICE_FAMILY = "1,2";
			};
			name = Release;
		};
		6D7A203F2D2694B700570F8C /* Debug */ = {
			isa = XCBuildConfiguration;
			buildSettings = {
				ALWAYS_SEARCH_USER_PATHS = NO;
				ASSETCATALOG_COMPILER_GENERATE_SWIFT_ASSET_SYMBOL_EXTENSIONS = YES;
				CLANG_ANALYZER_NONNULL = YES;
				CLANG_ANALYZER_NUMBER_OBJECT_CONVERSION = YES_AGGRESSIVE;
				CLANG_CXX_LANGUAGE_STANDARD = "gnu++20";
				CLANG_ENABLE_MODULES = YES;
				CLANG_ENABLE_OBJC_ARC = YES;
				CLANG_ENABLE_OBJC_WEAK = YES;
				CLANG_WARN_BLOCK_CAPTURE_AUTORELEASING = YES;
				CLANG_WARN_BOOL_CONVERSION = YES;
				CLANG_WARN_COMMA = YES;
				CLANG_WARN_CONSTANT_CONVERSION = YES;
				CLANG_WARN_DEPRECATED_OBJC_IMPLEMENTATIONS = YES;
				CLANG_WARN_DIRECT_OBJC_ISA_USAGE = YES_ERROR;
				CLANG_WARN_DOCUMENTATION_COMMENTS = YES;
				CLANG_WARN_EMPTY_BODY = YES;
				CLANG_WARN_ENUM_CONVERSION = YES;
				CLANG_WARN_INFINITE_RECURSION = YES;
				CLANG_WARN_INT_CONVERSION = YES;
				CLANG_WARN_NON_LITERAL_NULL_CONVERSION = YES;
				CLANG_WARN_OBJC_IMPLICIT_RETAIN_SELF = YES;
				CLANG_WARN_OBJC_LITERAL_CONVERSION = YES;
				CLANG_WARN_OBJC_ROOT_CLASS = YES_ERROR;
				CLANG_WARN_QUOTED_INCLUDE_IN_FRAMEWORK_HEADER = YES;
				CLANG_WARN_RANGE_LOOP_ANALYSIS = YES;
				CLANG_WARN_STRICT_PROTOTYPES = YES;
				CLANG_WARN_SUSPICIOUS_MOVE = YES;
				CLANG_WARN_UNGUARDED_AVAILABILITY = YES_AGGRESSIVE;
				CLANG_WARN_UNREACHABLE_CODE = YES;
				CLANG_WARN__DUPLICATE_METHOD_MATCH = YES;
				COPY_PHASE_STRIP = NO;
				DEBUG_INFORMATION_FORMAT = dwarf;
				ENABLE_STRICT_OBJC_MSGSEND = YES;
				ENABLE_TESTABILITY = YES;
				ENABLE_USER_SCRIPT_SANDBOXING = YES;
				GCC_C_LANGUAGE_STANDARD = gnu17;
				GCC_DYNAMIC_NO_PIC = NO;
				GCC_NO_COMMON_BLOCKS = YES;
				GCC_OPTIMIZATION_LEVEL = 0;
				GCC_PREPROCESSOR_DEFINITIONS = (
					"DEBUG=1",
					"$(inherited)",
				);
				GCC_WARN_64_TO_32_BIT_CONVERSION = YES;
				GCC_WARN_ABOUT_RETURN_TYPE = YES_ERROR;
				GCC_WARN_UNDECLARED_SELECTOR = YES;
				GCC_WARN_UNINITIALIZED_AUTOS = YES_AGGRESSIVE;
				GCC_WARN_UNUSED_FUNCTION = YES;
				GCC_WARN_UNUSED_VARIABLE = YES;
				IPHONEOS_DEPLOYMENT_TARGET = 18.2;
				LOCALIZATION_PREFERS_STRING_CATALOGS = YES;
				MTL_ENABLE_DEBUG_INFO = INCLUDE_SOURCE;
				MTL_FAST_MATH = YES;
				ONLY_ACTIVE_ARCH = YES;
				SDKROOT = iphoneos;
				SWIFT_ACTIVE_COMPILATION_CONDITIONS = "DEBUG $(inherited)";
				SWIFT_OPTIMIZATION_LEVEL = "-Onone";
			};
			name = Debug;
		};
		6D7A20402D2694B700570F8C /* Release */ = {
			isa = XCBuildConfiguration;
			buildSettings = {
				ALWAYS_SEARCH_USER_PATHS = NO;
				ASSETCATALOG_COMPILER_GENERATE_SWIFT_ASSET_SYMBOL_EXTENSIONS = YES;
				CLANG_ANALYZER_NONNULL = YES;
				CLANG_ANALYZER_NUMBER_OBJECT_CONVERSION = YES_AGGRESSIVE;
				CLANG_CXX_LANGUAGE_STANDARD = "gnu++20";
				CLANG_ENABLE_MODULES = YES;
				CLANG_ENABLE_OBJC_ARC = YES;
				CLANG_ENABLE_OBJC_WEAK = YES;
				CLANG_WARN_BLOCK_CAPTURE_AUTORELEASING = YES;
				CLANG_WARN_BOOL_CONVERSION = YES;
				CLANG_WARN_COMMA = YES;
				CLANG_WARN_CONSTANT_CONVERSION = YES;
				CLANG_WARN_DEPRECATED_OBJC_IMPLEMENTATIONS = YES;
				CLANG_WARN_DIRECT_OBJC_ISA_USAGE = YES_ERROR;
				CLANG_WARN_DOCUMENTATION_COMMENTS = YES;
				CLANG_WARN_EMPTY_BODY = YES;
				CLANG_WARN_ENUM_CONVERSION = YES;
				CLANG_WARN_INFINITE_RECURSION = YES;
				CLANG_WARN_INT_CONVERSION = YES;
				CLANG_WARN_NON_LITERAL_NULL_CONVERSION = YES;
				CLANG_WARN_OBJC_IMPLICIT_RETAIN_SELF = YES;
				CLANG_WARN_OBJC_LITERAL_CONVERSION = YES;
				CLANG_WARN_OBJC_ROOT_CLASS = YES_ERROR;
				CLANG_WARN_QUOTED_INCLUDE_IN_FRAMEWORK_HEADER = YES;
				CLANG_WARN_RANGE_LOOP_ANALYSIS = YES;
				CLANG_WARN_STRICT_PROTOTYPES = YES;
				CLANG_WARN_SUSPICIOUS_MOVE = YES;
				CLANG_WARN_UNGUARDED_AVAILABILITY = YES_AGGRESSIVE;
				CLANG_WARN_UNREACHABLE_CODE = YES;
				CLANG_WARN__DUPLICATE_METHOD_MATCH = YES;
				COPY_PHASE_STRIP = NO;
				DEBUG_INFORMATION_FORMAT = "dwarf-with-dsym";
				ENABLE_NS_ASSERTIONS = NO;
				ENABLE_STRICT_OBJC_MSGSEND = YES;
				ENABLE_USER_SCRIPT_SANDBOXING = YES;
				GCC_C_LANGUAGE_STANDARD = gnu17;
				GCC_NO_COMMON_BLOCKS = YES;
				GCC_WARN_64_TO_32_BIT_CONVERSION = YES;
				GCC_WARN_ABOUT_RETURN_TYPE = YES_ERROR;
				GCC_WARN_UNDECLARED_SELECTOR = YES;
				GCC_WARN_UNINITIALIZED_AUTOS = YES_AGGRESSIVE;
				GCC_WARN_UNUSED_FUNCTION = YES;
				GCC_WARN_UNUSED_VARIABLE = YES;
				IPHONEOS_DEPLOYMENT_TARGET = 18.2;
				LOCALIZATION_PREFERS_STRING_CATALOGS = YES;
				MTL_ENABLE_DEBUG_INFO = NO;
				MTL_FAST_MATH = YES;
				SDKROOT = iphoneos;
				SWIFT_COMPILATION_MODE = wholemodule;
				VALIDATE_PRODUCT = YES;
			};
			name = Release;
		};
		6D7A20422D2694B700570F8C /* Debug */ = {
			isa = XCBuildConfiguration;
			buildSettings = {
				BUNDLE_LOADER = "$(TEST_HOST)";
				CODE_SIGN_STYLE = Automatic;
				CURRENT_PROJECT_VERSION = 1;
				DEVELOPMENT_TEAM = UAWGD7BR57;
				GENERATE_INFOPLIST_FILE = YES;
				IPHONEOS_DEPLOYMENT_TARGET = 18.2;
				MARKETING_VERSION = 1.0;
				PRODUCT_BUNDLE_IDENTIFIER = tech.dreamcoder..ImpleamentaionTestTests;
				PRODUCT_NAME = "$(TARGET_NAME)";
				SWIFT_EMIT_LOC_STRINGS = NO;
				SWIFT_VERSION = 5.0;
				TARGETED_DEVICE_FAMILY = "1,2";
				TEST_HOST = "$(BUILT_PRODUCTS_DIR)/ImpleamentaionTest.app/$(BUNDLE_EXECUTABLE_FOLDER_PATH)/ImpleamentaionTest";
			};
			name = Debug;
		};
		6D7A20432D2694B700570F8C /* Release */ = {
			isa = XCBuildConfiguration;
			buildSettings = {
				BUNDLE_LOADER = "$(TEST_HOST)";
				CODE_SIGN_STYLE = Automatic;
				CURRENT_PROJECT_VERSION = 1;
				DEVELOPMENT_TEAM = UAWGD7BR57;
				GENERATE_INFOPLIST_FILE = YES;
				IPHONEOS_DEPLOYMENT_TARGET = 18.2;
				MARKETING_VERSION = 1.0;
				PRODUCT_BUNDLE_IDENTIFIER = tech.dreamcoder..ImpleamentaionTestTests;
				PRODUCT_NAME = "$(TARGET_NAME)";
				SWIFT_EMIT_LOC_STRINGS = NO;
				SWIFT_VERSION = 5.0;
				TARGETED_DEVICE_FAMILY = "1,2";
				TEST_HOST = "$(BUILT_PRODUCTS_DIR)/ImpleamentaionTest.app/$(BUNDLE_EXECUTABLE_FOLDER_PATH)/ImpleamentaionTest";
			};
			name = Release;
		};
		6D7A20452D2694B700570F8C /* Debug */ = {
			isa = XCBuildConfiguration;
			buildSettings = {
				CODE_SIGN_STYLE = Automatic;
				CURRENT_PROJECT_VERSION = 1;
				DEVELOPMENT_TEAM = UAWGD7BR57;
				GENERATE_INFOPLIST_FILE = YES;
				MARKETING_VERSION = 1.0;
				PRODUCT_BUNDLE_IDENTIFIER = tech.dreamcoder..ImpleamentaionTestUITests;
				PRODUCT_NAME = "$(TARGET_NAME)";
				SWIFT_EMIT_LOC_STRINGS = NO;
				SWIFT_VERSION = 5.0;
				TARGETED_DEVICE_FAMILY = "1,2";
				TEST_TARGET_NAME = ImpleamentaionTest;
			};
			name = Debug;
		};
		6D7A20462D2694B700570F8C /* Release */ = {
			isa = XCBuildConfiguration;
			buildSettings = {
				CODE_SIGN_STYLE = Automatic;
				CURRENT_PROJECT_VERSION = 1;
				DEVELOPMENT_TEAM = UAWGD7BR57;
				GENERATE_INFOPLIST_FILE = YES;
				MARKETING_VERSION = 1.0;
				PRODUCT_BUNDLE_IDENTIFIER = tech.dreamcoder..ImpleamentaionTestUITests;
				PRODUCT_NAME = "$(TARGET_NAME)";
				SWIFT_EMIT_LOC_STRINGS = NO;
				SWIFT_VERSION = 5.0;
				TARGETED_DEVICE_FAMILY = "1,2";
				TEST_TARGET_NAME = ImpleamentaionTest;
			};
			name = Release;
		};
/* End XCBuildConfiguration section */

/* Begin XCConfigurationList section */
		6D7A200B2D2694B300570F8C /* Build configuration list for PBXProject "ImpleamentaionTest" */ = {
			isa = XCConfigurationList;
			buildConfigurations = (
				6D7A203F2D2694B700570F8C /* Debug */,
				6D7A20402D2694B700570F8C /* Release */,
			);
			defaultConfigurationIsVisible = 0;
			defaultConfigurationName = Release;
		};
		6D7A203C2D2694B700570F8C /* Build configuration list for PBXNativeTarget "ImpleamentaionTest" */ = {
			isa = XCConfigurationList;
			buildConfigurations = (
				6D7A203D2D2694B700570F8C /* Debug */,
				6D7A203E2D2694B700570F8C /* Release */,
			);
			defaultConfigurationIsVisible = 0;
			defaultConfigurationName = Release;
		};
		6D7A20412D2694B700570F8C /* Build configuration list for PBXNativeTarget "ImpleamentaionTestTests" */ = {
			isa = XCConfigurationList;
			buildConfigurations = (
				6D7A20422D2694B700570F8C /* Debug */,
				6D7A20432D2694B700570F8C /* Release */,
			);
			defaultConfigurationIsVisible = 0;
			defaultConfigurationName = Release;
		};
		6D7A20442D2694B700570F8C /* Build configuration list for PBXNativeTarget "ImpleamentaionTestUITests" */ = {
			isa = XCConfigurationList;
			buildConfigurations = (
				6D7A20452D2694B700570F8C /* Debug */,
				6D7A20462D2694B700570F8C /* Release */,
			);
			defaultConfigurationIsVisible = 0;
			defaultConfigurationName = Release;
		};
/* End XCConfigurationList section */
	};
	rootObject = 6D7A20082D2694B300570F8C /* Project object */;
}
